
Microsoft Visual Studio Solution File, Format Version 12.00
# Visual Studio Version 16
VisualStudioVersion = 16.0.30413.136
MinimumVisualStudioVersion = 10.0.40219.1
Project("{FAE04EC0-301F-11D3-BF4B-00C04F79EFBC}") = "textDB.Tests", "textDB\textDB.Tests\textDB.Tests.csproj", "{3704D51C-FE0B-4FD9-9740-929AEB687E9F}"
EndProject
Project("{2150E333-8FDC-42A3-9474-1A3956D46DE8}") = "textDB", "textDB", "{450484E4-DB02-46B0-B73D-990B5DCB7ECB}"
EndProject
Project("{FAE04EC0-301F-11D3-BF4B-00C04F79EFBC}") = "textDB", "textDB\textDB\textDB.csproj", "{7679E3A2-6A2C-42E2-9318-8AD3FCA277CE}"
EndProject
Global
	GlobalSection(SolutionConfigurationPlatforms) = preSolution
		Debug|Any CPU = Debug|Any CPU
		Release|Any CPU = Release|Any CPU
	EndGlobalSection
	GlobalSection(ProjectConfigurationPlatforms) = postSolution
		{3704D51C-FE0B-4FD9-9740-929AEB687E9F}.Debug|Any CPU.ActiveCfg = Debug|Any CPU
		{3704D51C-FE0B-4FD9-9740-929AEB687E9F}.Debug|Any CPU.Build.0 = Debug|Any CPU
		{3704D51C-FE0B-4FD9-9740-929AEB687E9F}.Release|Any CPU.ActiveCfg = Release|Any CPU
		{3704D51C-FE0B-4FD9-9740-929AEB687E9F}.Release|Any CPU.Build.0 = Release|Any CPU
		{7679E3A2-6A2C-42E2-9318-8AD3FCA277CE}.Debug|Any CPU.ActiveCfg = Debug|Any CPU
		{7679E3A2-6A2C-42E2-9318-8AD3FCA277CE}.Debug|Any CPU.Build.0 = Debug|Any CPU
		{7679E3A2-6A2C-42E2-9318-8AD3FCA277CE}.Release|Any CPU.ActiveCfg = Debug|Any CPU
		{7679E3A2-6A2C-42E2-9318-8AD3FCA277CE}.Release|Any CPU.Build.0 = Debug|Any CPU
	EndGlobalSection
	GlobalSection(SolutionProperties) = preSolution
		HideSolutionNode = FALSE
	EndGlobalSection
	GlobalSection(ExtensibilityGlobals) = postSolution
		SolutionGuid = {83315632-3B39-470C-B9EE-48ED993A9343}
	EndGlobalSection
	GlobalSection(NestedProjects) = preSolution
		{7679E3A2-6A2C-42E2-9318-8AD3FCA277CE} = {450484E4-DB02-46B0-B73D-990B5DCB7ECB}
	EndGlobalSection
EndGlobal
